// !$*UTF8*$!
{
	archiveVersion = 1;
	classes = {
	};
	objectVersion = 77;
	objects = {

/* Begin PBXBuildFile section */
		8D80260130517650004C4F52 /* VoiceSamples in Resources */ = {isa = PBXBuildFile; fileRef = 8D80260030517650004C4F52 /* VoiceSamples */; };
/* End PBXBuildFile section */

/* Begin PBXContainerItemProxy section */
		8D80250A30517650004C4F52 /* PBXContainerItemProxy */ = {
			isa = PBXContainerItemProxy;
			containerPortal = 8D8024F03051764F004C4F52 /* Project object */;
			proxyType = 1;
			remoteGlobalIDString = 8D8024F73051764F004C4F52;
			remoteInfo = clipforgeios;
		};
		8D80251430517650004C4F52 /* PBXContainerItemProxy */ = {
			isa = PBXContainerItemProxy;
			containerPortal = 8D8024F03051764F004C4F52 /* Project object */;
			proxyType = 1;
			remoteGlobalIDString = 8D8024F73051764F004C4F52;
			remoteInfo = clipforgeios;
		};
/* End PBXContainerItemProxy section */

/* Begin PBXFileReference section */
		8D8024F83051764F004C4F52 /* clipforgeios.app */ = {isa = PBXFileReference; explicitFileType = wrapper.application; includeInIndex = 0; path = clipforgeios.app; sourceTree = BUILT_PRODUCTS_DIR; };
		8D80250930517650004C4F52 /* clipforgeiosTests.xctest */ = {isa = PBXFileReference; explicitFileType = wrapper.cfbundle; includeInIndex = 0; path = clipforgeiosTests.xctest; sourceTree = BUILT_PRODUCTS_DIR; };
		8D80251330517650004C4F52 /* clipforgeiosUITests.xctest */ = {isa = PBXFileReference; explicitFileType = wrapper.cfbundle; includeInIndex = 0; path = clipforgeiosUITests.xctest; sourceTree = BUILT_PRODUCTS_DIR; };
		8D80260030517650004C4F52 /* VoiceSamples */ = {isa = PBXFileReference; lastKnownFileType = folder; path = VoiceSamples; sourceTree = "<group>"; };
/* End PBXFileReference section */

/* Begin PBXFileSystemSynchronizedBuildFileExceptionSet section */
		8D80251B30517650004C4F52 /* Exceptions for "clipforgeios" folder in "clipforgeios" target */ = {
			isa = PBXFileSystemSynchronizedBuildFileExceptionSet;
			membershipExceptions = (
				Info.plist,
			);
			target = 8D8024F73051764F004C4F52 /* clipforgeios */;
		};
/* End PBXFileSystemSynchronizedBuildFileExceptionSet section */

/* Begin PBXFileSystemSynchronizedRootGroup section */
		8D8024FA3051764F004C4F52 /* clipforgeios */ = {
			isa = PBXFileSystemSynchronizedRootGroup;
			exceptions = (
				8D80251B30517650004C4F52 /* Exceptions for "clipforgeios" folder in "clipforgeios" target */,
			);
			path = clipforgeios;
			sourceTree = "<group>";
		};
		8D80250C30517650004C4F52 /* clipforgeiosTests */ = {
			isa = PBXFileSystemSynchronizedRootGroup;
			path = clipforgeiosTests;
			sourceTree = "<group>";
		};
		8D80251630517650004C4F52 /* clipforgeiosUITests */ = {
			isa = PBXFileSystemSynchronizedRootGroup;
			path = clipforgeiosUITests;
			sourceTree = "<group>";
		};
/* End PBXFileSystemSynchronizedRootGroup section */

/* Begin PBXFrameworksBuildPhase section */
		8D8024F53051764F004C4F52 /* Frameworks */ = {
			isa = PBXFrameworksBuildPhase;
			buildActionMask = 2147483647;
			files = (
			);
			runOnlyForDeploymentPostprocessing = 0;
		};
		8D80250630517650004C4F52 /* Frameworks */ = {
			isa = PBXFrameworksBuildPhase;
			buildActionMask = 2147483647;
			files = (
			);
			runOnlyForDeploymentPostprocessing = 0;
		};
		8D80251030517650004C4F52 /* Frameworks */ = {
			isa = PBXFrameworksBuildPhase;
			buildActionMask = 2147483647;
			files = (
			);
			runOnlyForDeploymentPostprocessing = 0;
		};
/* End PBXFrameworksBuildPhase section */

/* Begin PBXGroup section */
		8D8024EF3051764F004C4F52 = {
			isa = PBXGroup;
			children = (
				8D8024FA3051764F004C4F52 /* clipforgeios */,
				8D80260030517650004C4F52 /* VoiceSamples */,
				8D80250C30517650004C4F52 /* clipforgeiosTests */,
				8D80251630517650004C4F52 /* clipforgeiosUITests */,
				8D8024F93051764F004C4F52 /* Products */,
			);
			sourceTree = "<group>";
		};
		8D8024F93051764F004C4F52 /* Products */ = {
			isa = PBXGroup;
			children = (
				8D8024F83051764F004C4F52 /* clipforgeios.app */,
				8D80250930517650004C4F52 /* clipforgeiosTests.xctest */,
				8D80251330517650004C4F52 /* clipforgeiosUITests.xctest */,
			);
			name = Products;
			sourceTree = "<group>";
		};
/* End PBXGroup section */

/* Begin PBXNativeTarget section */
		8D8024F73051764F004C4F52 /* clipforgeios */ = {
			isa = PBXNativeTarget;
			buildConfigurationList = 8D80251C30517650004C4F52 /* Build configuration list for PBXNativeTarget "clipforgeios" */;
			buildPhases = (
				8D8024F43051764F004C4F52 /* Sources */,
				8D8024F53051764F004C4F52 /* Frameworks */,
				8D8024F63051764F004C4F52 /* Resources */,
			);
			buildRules = (
			);
			dependencies = (
			);
			fileSystemSynchronizedGroups = (
				8D8024FA3051764F004C4F52 /* clipforgeios */,
			);
			name = clipforgeios;
			packageProductDependencies = (
			);
			productName = clipforgeios;
			productReference = 8D8024F83051764F004C4F52 /* clipforgeios.app */;
			productType = "com.apple.product-type.application";
		};
		8D80250830517650004C4F52 /* clipforgeiosTests */ = {
			isa = PBXNativeTarget;
			buildConfigurationList = 8D80252130517650004C4F52 /* Build configuration list for PBXNativeTarget "clipforgeiosTests" */;
			buildPhases = (
				8D80250530517650004C4F52 /* Sources */,
				8D80250630517650004C4F52 /* Frameworks */,
				8D80250730517650004C4F52 /* Resources */,
			);
			buildRules = (
			);
			dependencies = (
				8D80250B30517650004C4F52 /* PBXTargetDependency */,
			);
			fileSystemSynchronizedGroups = (
				8D80250C30517650004C4F52 /* clipforgeiosTests */,
			);
			name = clipforgeiosTests;
			packageProductDependencies = (
			);
			productName = clipforgeiosTests;
			productReference = 8D80250930517650004C4F52 /* clipforgeiosTests.xctest */;
			productType = "com.apple.product-type.bundle.unit-test";
		};
		8D80251230517650004C4F52 /* clipforgeiosUITests */ = {
			isa = PBXNativeTarget;
			buildConfigurationList = 8D80252430517650004C4F52 /* Build configuration list for PBXNativeTarget "clipforgeiosUITests" */;
			buildPhases = (
				8D80250F30517650004C4F52 /* Sources */,
				8D80251030517650004C4F52 /* Frameworks */,
				8D80251130517650004C4F52 /* Resources */,
			);
			buildRules = (
			);
			dependencies = (
				8D80251530517650004C4F52 /* PBXTargetDependency */,
			);
			fileSystemSynchronizedGroups = (
				8D80251630517650004C4F52 /* clipforgeiosUITests */,
			);
			name = clipforgeiosUITests;
			packageProductDependencies = (
			);
			productName = clipforgeiosUITests;
			productReference = 8D80251330517650004C4F52 /* clipforgeiosUITests.xctest */;
			productType = "com.apple.product-type.bundle.ui-testing";
		};
/* End PBXNativeTarget section */

/* Begin PBXProject section */
		8D8024F03051764F004C4F52 /* Project object */ = {
			isa = PBXProject;
			attributes = {
				BuildIndependentTargetsInParallel = 1;
				LastSwiftUpdateCheck = 2660;
				LastUpgradeCheck = 2660;
				TargetAttributes = {
					8D8024F73051764F004C4F52 = {
						CreatedOnToolsVersion = 26.6;
					};
					8D80250830517650004C4F52 = {
						CreatedOnToolsVersion = 26.6;
						TestTargetID = 8D8024F73051764F004C4F52;
					};
					8D80251230517650004C4F52 = {
						CreatedOnToolsVersion = 26.6;
						TestTargetID = 8D8024F73051764F004C4F52;
					};
				};
			};
			buildConfigurationList = 8D8024F33051764F004C4F52 /* Build configuration list for PBXProject "clipforgeios" */;
			developmentRegion = en;
			hasScannedForEncodings = 0;
			knownRegions = (
				en,
				Base,
			);
			mainGroup = 8D8024EF3051764F004C4F52;
			minimizedProjectReferenceProxies = 1;
			preferredProjectObjectVersion = 77;
			productRefGroup = 8D8024F93051764F004C4F52 /* Products */;
			projectDirPath = "";
			projectRoot = "";
			targets = (
				8D8024F73051764F004C4F52 /* clipforgeios */,
				8D80250830517650004C4F52 /* clipforgeiosTests */,
				8D80251230517650004C4F52 /* clipforgeiosUITests */,
			);
		};
/* End PBXProject section */

/* Begin PBXResourcesBuildPhase section */
		8D8024F63051764F004C4F52 /* Resources */ = {
			isa = PBXResourcesBuildPhase;
			buildActionMask = 2147483647;
			files = (
				8D80260130517650004C4F52 /* VoiceSamples in Resources */,
			);
			runOnlyForDeploymentPostprocessing = 0;
		};
		8D80250730517650004C4F52 /* Resources */ = {
			isa = PBXResourcesBuildPhase;
			buildActionMask = 2147483647;
			files = (
			);
			runOnlyForDeploymentPostprocessing = 0;
		};
		8D80251130517650004C4F52 /* Resources */ = {
			isa = PBXResourcesBuildPhase;
			buildActionMask = 2147483647;
			files = (
			);
			runOnlyForDeploymentPostprocessing = 0;
		};
/* End PBXResourcesBuildPhase section */

/* Begin PBXSourcesBuildPhase section */
		8D8024F43051764F004C4F52 /* Sources */ = {
			isa = PBXSourcesBuildPhase;
			buildActionMask = 2147483647;
			files = (
			);
			runOnlyForDeploymentPostprocessing = 0;
		};
		8D80250530517650004C4F52 /* Sources */ = {
			isa = PBXSourcesBuildPhase;
			buildActionMask = 2147483647;
			files = (
			);
			runOnlyForDeploymentPostprocessing = 0;
		};
		8D80250F30517650004C4F52 /* Sources */ = {
			isa = PBXSourcesBuildPhase;
			buildActionMask = 2147483647;
			files = (
			);
			runOnlyForDeploymentPostprocessing = 0;
		};
/* End PBXSourcesBuildPhase section */

/* Begin PBXTargetDependency section */
		8D80250B30517650004C4F52 /* PBXTargetDependency */ = {
			isa = PBXTargetDependency;
			target = 8D8024F73051764F004C4F52 /* clipforgeios */;
			targetProxy = 8D80250A30517650004C4F52 /* PBXContainerItemProxy */;
		};
		8D80251530517650004C4F52 /* PBXTargetDependency */ = {
			isa = PBXTargetDependency;
			target = 8D8024F73051764F004C4F52 /* clipforgeios */;
			targetProxy = 8D80251430517650004C4F52 /* PBXContainerItemProxy */;
		};
/* End PBXTargetDependency section */

/* Begin XCBuildConfiguration section */
		8D80251D30517650004C4F52 /* Debug */ = {
			isa = XCBuildConfiguration;
			buildSettings = {
				ASSETCATALOG_COMPILER_APPICON_NAME = AppIcon;
				ASSETCATALOG_COMPILER_GLOBAL_ACCENT_COLOR_NAME = AccentColor;
				CODE_SIGN_ENTITLEMENTS = clipforgeios/clipforgeios.entitlements;
				CODE_SIGN_STYLE = Automatic;
				CURRENT_PROJECT_VERSION = 1;
				DEVELOPMENT_TEAM = YOUR_TEAM_ID;
				ENABLE_PREVIEWS = YES;
				GENERATE_INFOPLIST_FILE = YES;
				INFOPLIST_FILE = clipforgeios/Info.plist;
				INFOPLIST_KEY_CFBundleDisplayName = ClipForge;
				INFOPLIST_KEY_UIApplicationSceneManifest_Generation = YES;
				INFOPLIST_KEY_UIApplicationSupportsIndirectInputEvents = YES;
				INFOPLIST_KEY_UILaunchScreen_Generation = YES;
				INFOPLIST_KEY_UISupportedInterfaceOrientations_iPad = "UIInterfaceOrientationPortrait UIInterfaceOrientationPortraitUpsideDown UIInterfaceOrientationLandscapeLeft UIInterfaceOrientationLandscapeRight";
				INFOPLIST_KEY_UISupportedInterfaceOrientations_iPhone = "UIInterfaceOrientationPortrait UIInterfaceOrientationLandscapeLeft UIInterfaceOrientationLandscapeRight";
				IPHONEOS_DEPLOYMENT_TARGET = 16.1;
				LD_RUNPATH_SEARCH_PATHS = (
					"$(inherited)",
					"@executable_path/Frameworks",
				);
				MARKETING_VERSION = s.8.1;
				PRODUCT_BUNDLE_IDENTIFIER = videogenerator.clipforgeios;
				PRODUCT_NAME = "$(TARGET_NAME)";
				STRING_CATALOG_GENERATE_SYMBOLS = YES;
				SWIFT_APPROACHABLE_CONCURRENCY = YES;
				SWIFT_DEFAULT_ACTOR_ISOLATION = nonisolated;
				SWIFT_EMIT_LOC_STRINGS = YES;
				SWIFT_UPCOMING_FEATURE_MEMBER_IMPORT_VISIBILITY = YES;
				SWIFT_VERSION = 5.0;
				TARGETED_DEVICE_FAMILY = "1,2";
			};
			name = Debug;
		};
		8D80251E30517650004C4F52 /* Release */ = {
			isa = XCBuildConfiguration;
			buildSettings = {
				ASSETCATALOG_COMPILER_APPICON_NAME = AppIcon;
				ASSETCATALOG_COMPILER_GLOBAL_ACCENT_COLOR_NAME = AccentColor;
				CODE_SIGN_ENTITLEMENTS = clipforgeios/clipforgeios.entitlements;
				CODE_SIGN_STYLE = Automatic;
				CURRENT_PROJECT_VERSION = 1;
				DEVELOPMENT_TEAM = YOUR_TEAM_ID;
				ENABLE_PREVIEWS = YES;
				GENERATE_INFOPLIST_FILE = YES;
				INFOPLIST_FILE = clipforgeios/Info.plist;
				INFOPLIST_KEY_CFBundleDisplayName = ClipForge;
				INFOPLIST_KEY_UIApplicationSceneManifest_Generation = YES;
				INFOPLIST_KEY_UIApplicationSupportsIndirectInputEvents = YES;
				INFOPLIST_KEY_UILaunchScreen_Generation = YES;
				INFOPLIST_KEY_UISupportedInterfaceOrientations_iPad = "UIInterfaceOrientationPortrait UIInterfaceOrientationPortraitUpsideDown UIInterfaceOrientationLandscapeLeft UIInterfaceOrientationLandscapeRight";
				INFOPLIST_KEY_UISupportedInterfaceOrientations_iPhone = "UIInterfaceOrientationPortrait UIInterfaceOrientationLandscapeLeft UIInterfaceOrientationLandscapeRight";
				IPHONEOS_DEPLOYMENT_TARGET = 16.1;
				LD_RUNPATH_SEARCH_PATHS = (
					"$(inherited)",
					"@executable_path/Frameworks",
				);
				MARKETING_VERSION = s.8.1;
				PRODUCT_BUNDLE_IDENTIFIER = videogenerator.clipforgeios;
				PRODUCT_NAME = "$(TARGET_NAME)";
				STRING_CATALOG_GENERATE_SYMBOLS = YES;
				SWIFT_APPROACHABLE_CONCURRENCY = YES;
				SWIFT_DEFAULT_ACTOR_ISOLATION = nonisolated;
				SWIFT_EMIT_LOC_STRINGS = YES;
				SWIFT_UPCOMING_FEATURE_MEMBER_IMPORT_VISIBILITY = YES;
				SWIFT_VERSION = 5.0;
				TARGETED_DEVICE_FAMILY = "1,2";
			};
			name = Release;
		};
		8D80251F30517650004C4F52 /* Debug */ = {
			isa = XCBuildConfiguration;
			buildSettings = {
				ALWAYS_SEARCH_USER_PATHS = NO;
				ASSETCATALOG_COMPILER_GENERATE_SWIFT_ASSET_SYMBOL_EXTENSIONS = YES;
				CLANG_ANALYZER_NONNULL = YES;
				CLANG_ANALYZER_NUMBER_OBJECT_CONVERSION = YES_AGGRESSIVE;
				CLANG_CXX_LANGUAGE_STANDARD = "gnu++20";
				CLANG_ENABLE_MODULES = YES;
				CLANG_ENABLE_OBJC_ARC = YES;
				CLANG_ENABLE_OBJC_WEAK = YES;
				CLANG_WARN_BLOCK_CAPTURE_AUTORELEASING = YES;
				CLANG_WARN_BOOL_CONVERSION = YES;
				CLANG_WARN_COMMA = YES;
				CLANG_WARN_CONSTANT_CONVERSION = YES;
				CLANG_WARN_DEPRECATED_OBJC_IMPLEMENTATIONS = YES;
				CLANG_WARN_DIRECT_OBJC_ISA_USAGE = YES_ERROR;
				CLANG_WARN_DOCUMENTATION_COMMENTS = YES;
				CLANG_WARN_EMPTY_BODY = YES;
				CLANG_WARN_ENUM_CONVERSION = YES;
				CLANG_WARN_INFINITE_RECURSION = YES;
				CLANG_WARN_INT_CONVERSION = YES;
				CLANG_WARN_NON_LITERAL_NULL_CONVERSION = YES;
				CLANG_WARN_OBJC_IMPLICIT_RETAIN_SELF = YES;
				CLANG_WARN_OBJC_LITERAL_CONVERSION = YES;
				CLANG_WARN_OBJC_ROOT_CLASS = YES_ERROR;
				CLANG_WARN_QUOTED_INCLUDE_IN_FRAMEWORK_HEADER = YES;
				CLANG_WARN_RANGE_LOOP_ANALYSIS = YES;
				CLANG_WARN_STRICT_PROTOTYPES = YES;
				CLANG_WARN_SUSPICIOUS_MOVE = YES;
				CLANG_WARN_UNGUARDED_AVAILABILITY = YES_AGGRESSIVE;
				CLANG_WARN_UNREACHABLE_CODE = YES;
				CLANG_WARN__DUPLICATE_METHOD_MATCH = YES;
				COPY_PHASE_STRIP = NO;
				DEBUG_INFORMATION_FORMAT = dwarf;
				DEVELOPMENT_TEAM = YOUR_TEAM_ID;
				ENABLE_STRICT_OBJC_MSGSEND = YES;
				ENABLE_TESTABILITY = YES;
				ENABLE_USER_SCRIPT_SANDBOXING = YES;
				GCC_C_LANGUAGE_STANDARD = gnu17;
				GCC_DYNAMIC_NO_PIC = NO;
				GCC_NO_COMMON_BLOCKS = YES;
				GCC_OPTIMIZATION_LEVEL = 0;
				GCC_PREPROCESSOR_DEFINITIONS = (
					"DEBUG=1",
					"$(inherited)",
				);
				GCC_WARN_64_TO_32_BIT_CONVERSION = YES;
				GCC_WARN_ABOUT_RETURN_TYPE = YES_ERROR;
				GCC_WARN_UNDECLARED_SELECTOR = YES;
				GCC_WARN_UNINITIALIZED_AUTOS = YES_AGGRESSIVE;
				GCC_WARN_UNUSED_FUNCTION = YES;
				GCC_WARN_UNUSED_VARIABLE = YES;
				IPHONEOS_DEPLOYMENT_TARGET = 26.5;
				LOCALIZATION_PREFERS_STRING_CATALOGS = YES;
				MTL_ENABLE_DEBUG_INFO = INCLUDE_SOURCE;
				MTL_FAST_MATH = YES;
				ONLY_ACTIVE_ARCH = YES;
				SDKROOT = iphoneos;
				SWIFT_ACTIVE_COMPILATION_CONDITIONS = "DEBUG $(inherited)";
				SWIFT_OPTIMIZATION_LEVEL = "-Onone";
			};
			name = Debug;
		};
		8D80252030517650004C4F52 /* Release */ = {
			isa = XCBuildConfiguration;
			buildSettings = {
				ALWAYS_SEARCH_USER_PATHS = NO;
				ASSETCATALOG_COMPILER_GENERATE_SWIFT_ASSET_SYMBOL_EXTENSIONS = YES;
				CLANG_ANALYZER_NONNULL = YES;
				CLANG_ANALYZER_NUMBER_OBJECT_CONVERSION = YES_AGGRESSIVE;
				CLANG_CXX_LANGUAGE_STANDARD = "gnu++20";
				CLANG_ENABLE_MODULES = YES;
				CLANG_ENABLE_OBJC_ARC = YES;
				CLANG_ENABLE_OBJC_WEAK = YES;
				CLANG_WARN_BLOCK_CAPTURE_AUTORELEASING = YES;
				CLANG_WARN_BOOL_CONVERSION = YES;
				CLANG_WARN_COMMA = YES;
				CLANG_WARN_CONSTANT_CONVERSION = YES;
				CLANG_WARN_DEPRECATED_OBJC_IMPLEMENTATIONS = YES;
				CLANG_WARN_DIRECT_OBJC_ISA_USAGE = YES_ERROR;
				CLANG_WARN_DOCUMENTATION_COMMENTS = YES;
				CLANG_WARN_EMPTY_BODY = YES;
				CLANG_WARN_ENUM_CONVERSION = YES;
				CLANG_WARN_INFINITE_RECURSION = YES;
				CLANG_WARN_INT_CONVERSION = YES;
				CLANG_WARN_NON_LITERAL_NULL_CONVERSION = YES;
				CLANG_WARN_OBJC_IMPLICIT_RETAIN_SELF = YES;
				CLANG_WARN_OBJC_LITERAL_CONVERSION = YES;
				CLANG_WARN_OBJC_ROOT_CLASS = YES_ERROR;
				CLANG_WARN_QUOTED_INCLUDE_IN_FRAMEWORK_HEADER = YES;
				CLANG_WARN_RANGE_LOOP_ANALYSIS = YES;
				CLANG_WARN_STRICT_PROTOTYPES = YES;
				CLANG_WARN_SUSPICIOUS_MOVE = YES;
				CLANG_WARN_UNGUARDED_AVAILABILITY = YES_AGGRESSIVE;
				CLANG_WARN_UNREACHABLE_CODE = YES;
				CLANG_WARN__DUPLICATE_METHOD_MATCH = YES;
				COPY_PHASE_STRIP = NO;
				DEBUG_INFORMATION_FORMAT = "dwarf-with-dsym";
				DEVELOPMENT_TEAM = YOUR_TEAM_ID;
				ENABLE_NS_ASSERTIONS = NO;
				ENABLE_STRICT_OBJC_MSGSEND = YES;
				ENABLE_USER_SCRIPT_SANDBOXING = YES;
				GCC_C_LANGUAGE_STANDARD = gnu17;
				GCC_NO_COMMON_BLOCKS = YES;
				GCC_WARN_64_TO_32_BIT_CONVERSION = YES;
				GCC_WARN_ABOUT_RETURN_TYPE = YES_ERROR;
				GCC_WARN_UNDECLARED_SELECTOR = YES;
				GCC_WARN_UNINITIALIZED_AUTOS = YES_AGGRESSIVE;
				GCC_WARN_UNUSED_FUNCTION = YES;
				GCC_WARN_UNUSED_VARIABLE = YES;
				IPHONEOS_DEPLOYMENT_TARGET = 26.5;
				LOCALIZATION_PREFERS_STRING_CATALOGS = YES;
				MTL_ENABLE_DEBUG_INFO = NO;
				MTL_FAST_MATH = YES;
				SDKROOT = iphoneos;
				SWIFT_COMPILATION_MODE = wholemodule;
				VALIDATE_PRODUCT = YES;
			};
			name = Release;
		};
		8D80252230517650004C4F52 /* Debug */ = {
			isa = XCBuildConfiguration;
			buildSettings = {
				BUNDLE_LOADER = "$(TEST_HOST)";
				CODE_SIGN_STYLE = Automatic;
				CURRENT_PROJECT_VERSION = 1;
				DEVELOPMENT_TEAM = YOUR_TEAM_ID;
				GENERATE_INFOPLIST_FILE = YES;
				IPHONEOS_DEPLOYMENT_TARGET = 26.5;
				MARKETING_VERSION = s.8.1;
				PRODUCT_BUNDLE_IDENTIFIER = videogenerator.clipforgeiosTests;
				PRODUCT_NAME = "$(TARGET_NAME)";
				STRING_CATALOG_GENERATE_SYMBOLS = NO;
				SWIFT_APPROACHABLE_CONCURRENCY = YES;
				SWIFT_EMIT_LOC_STRINGS = NO;
				SWIFT_UPCOMING_FEATURE_MEMBER_IMPORT_VISIBILITY = YES;
				SWIFT_VERSION = 5.0;
				TARGETED_DEVICE_FAMILY = "1,2";
				TEST_HOST = "$(BUILT_PRODUCTS_DIR)/clipforgeios.app/$(BUNDLE_EXECUTABLE_FOLDER_PATH)/clipforgeios";
			};
			name = Debug;
		};
		8D80252330517650004C4F52 /* Release */ = {
			isa = XCBuildConfiguration;
			buildSettings = {
				BUNDLE_LOADER = "$(TEST_HOST)";
				CODE_SIGN_STYLE = Automatic;
				CURRENT_PROJECT_VERSION = 1;
				DEVELOPMENT_TEAM = YOUR_TEAM_ID;
				GENERATE_INFOPLIST_FILE = YES;
				IPHONEOS_DEPLOYMENT_TARGET = 26.5;
				MARKETING_VERSION = s.8.1;
				PRODUCT_BUNDLE_IDENTIFIER = videogenerator.clipforgeiosTests;
				PRODUCT_NAME = "$(TARGET_NAME)";
				STRING_CATALOG_GENERATE_SYMBOLS = NO;
				SWIFT_APPROACHABLE_CONCURRENCY = YES;
				SWIFT_EMIT_LOC_STRINGS = NO;
				SWIFT_UPCOMING_FEATURE_MEMBER_IMPORT_VISIBILITY = YES;
				SWIFT_VERSION = 5.0;
				TARGETED_DEVICE_FAMILY = "1,2";
				TEST_HOST = "$(BUILT_PRODUCTS_DIR)/clipforgeios.app/$(BUNDLE_EXECUTABLE_FOLDER_PATH)/clipforgeios";
			};
			name = Release;
		};
		8D80252530517650004C4F52 /* Debug */ = {
			isa = XCBuildConfiguration;
			buildSettings = {
				CODE_SIGN_STYLE = Automatic;
				CURRENT_PROJECT_VERSION = 1;
				DEVELOPMENT_TEAM = YOUR_TEAM_ID;
				GENERATE_INFOPLIST_FILE = YES;
				MARKETING_VERSION = s.8.1;
				PRODUCT_BUNDLE_IDENTIFIER = videogenerator.clipforgeiosUITests;
				PRODUCT_NAME = "$(TARGET_NAME)";
				STRING_CATALOG_GENERATE_SYMBOLS = NO;
				SWIFT_APPROACHABLE_CONCURRENCY = YES;
				SWIFT_EMIT_LOC_STRINGS = NO;
				SWIFT_UPCOMING_FEATURE_MEMBER_IMPORT_VISIBILITY = YES;
				SWIFT_VERSION = 5.0;
				TARGETED_DEVICE_FAMILY = "1,2";
				TEST_TARGET_NAME = clipforgeios;
			};
			name = Debug;
		};
		8D80252630517650004C4F52 /* Release */ = {
			isa = XCBuildConfiguration;
			buildSettings = {
				CODE_SIGN_STYLE = Automatic;
				CURRENT_PROJECT_VERSION = 1;
				DEVELOPMENT_TEAM = YOUR_TEAM_ID;
				GENERATE_INFOPLIST_FILE = YES;
				MARKETING_VERSION = s.8.1;
				PRODUCT_BUNDLE_IDENTIFIER = videogenerator.clipforgeiosUITests;
				PRODUCT_NAME = "$(TARGET_NAME)";
				STRING_CATALOG_GENERATE_SYMBOLS = NO;
				SWIFT_APPROACHABLE_CONCURRENCY = YES;
				SWIFT_EMIT_LOC_STRINGS = NO;
				SWIFT_UPCOMING_FEATURE_MEMBER_IMPORT_VISIBILITY = YES;
				SWIFT_VERSION = 5.0;
				TARGETED_DEVICE_FAMILY = "1,2";
				TEST_TARGET_NAME = clipforgeios;
			};
			name = Release;
		};
/* End XCBuildConfiguration section */

/* Begin XCConfigurationList section */
		8D8024F33051764F004C4F52 /* Build configuration list for PBXProject "clipforgeios" */ = {
			isa = XCConfigurationList;
			buildConfigurations = (
				8D80251F30517650004C4F52 /* Debug */,
				8D80252030517650004C4F52 /* Release */,
			);
			defaultConfigurationIsVisible = 0;
			defaultConfigurationName = Release;
		};
		8D80251C30517650004C4F52 /* Build configuration list for PBXNativeTarget "clipforgeios" */ = {
			isa = XCConfigurationList;
			buildConfigurations = (
				8D80251D30517650004C4F52 /* Debug */,
				8D80251E30517650004C4F52 /* Release */,
			);
			defaultConfigurationIsVisible = 0;
			defaultConfigurationName = Release;
		};
		8D80252130517650004C4F52 /* Build configuration list for PBXNativeTarget "clipforgeiosTests" */ = {
			isa = XCConfigurationList;
			buildConfigurations = (
				8D80252230517650004C4F52 /* Debug */,
				8D80252330517650004C4F52 /* Release */,
			);
			defaultConfigurationIsVisible = 0;
			defaultConfigurationName = Release;
		};
		8D80252430517650004C4F52 /* Build configuration list for PBXNativeTarget "clipforgeiosUITests" */ = {
			isa = XCConfigurationList;
			buildConfigurations = (
				8D80252530517650004C4F52 /* Debug */,
				8D80252630517650004C4F52 /* Release */,
			);
			defaultConfigurationIsVisible = 0;
			defaultConfigurationName = Release;
		};
/* End XCConfigurationList section */
	};
	rootObject = 8D8024F03051764F004C4F52 /* Project object */;
}
